// !$*UTF8*$!
{
	archiveVersion = 1;
	classes = {
	};
	objectVersion = 46;
	objects = {

/* Begin PBXBuildFile section */
		7C08B028166DD01000012AA1 /* QuartzCore.framework in Frameworks */ = {isa = PBXBuildFile; fileRef = 7C08B027166DD01000012AA1 /* QuartzCore.framework */; };
		7C08B02A166DD01F00012AA1 /* CoreData.framework in Frameworks */ = {isa = PBXBuildFile; fileRef = 7C08B029166DD01F00012AA1 /* CoreData.framework */; };
		7C08B02C166DD02800012AA1 /* CoreImage.framework in Frameworks */ = {isa = PBXBuildFile; fileRef = 7C08B02B166DD02800012AA1 /* CoreImage.framework */; };
		7C08B02E166DD03100012AA1 /* CoreGraphics.framework in Frameworks */ = {isa = PBXBuildFile; fileRef = 7C08B02D166DD03100012AA1 /* CoreGraphics.framework */; };
		7C1FE6B1171FC4330069499C /* NFDeviceUtils.m in Sources */ = {isa = PBXBuildFile; fileRef = 7C1FE6B0171FC4320069499C /* NFDeviceUtils.m */; };
		7C9F4216170A51FD00495EDA /* NFAudioPlayer.m in Sources */ = {isa = PBXBuildFile; fileRef = 7C9F4215170A51FD00495EDA /* NFAudioPlayer.m */; };
		7C9F4218170A539000495EDA /* AVFoundation.framework in Frameworks */ = {isa = PBXBuildFile; fileRef = 7C9F4217170A539000495EDA /* AVFoundation.framework */; };
		7C9F421A170A53FB00495EDA /* AudioToolbox.framework in Frameworks */ = {isa = PBXBuildFile; fileRef = 7C9F4219170A53FB00495EDA /* AudioToolbox.framework */; };
		7CA179D916F981D100841703 /* NFDateUtils.m in Sources */ = {isa = PBXBuildFile; fileRef = 7CA179D816F981D100841703 /* NFDateUtils.m */; };
		7CAAE54F166EB8EF0070636C /* NSArray+NFAllocInit.m in Sources */ = {isa = PBXBuildFile; fileRef = 7CAAE540166EB8EF0070636C /* NSArray+NFAllocInit.m */; };
		7CAAE550166EB8EF0070636C /* NSData+NFAllocInit.m in Sources */ = {isa = PBXBuildFile; fileRef = 7CAAE542166EB8EF0070636C /* NSData+NFAllocInit.m */; };
		7CAAE551166EB8EF0070636C /* NSString+NFAllocInit.m in Sources */ = {isa = PBXBuildFile; fileRef = 7CAAE544166EB8EF0070636C /* NSString+NFAllocInit.m */; };
		7CAAE552166EB8EF0070636C /* UIImage+Alpha.m in Sources */ = {isa = PBXBuildFile; fileRef = 7CAAE546166EB8EF0070636C /* UIImage+Alpha.m */; };
		7CAAE553166EB8EF0070636C /* UIImage+Resize.m in Sources */ = {isa = PBXBuildFile; fileRef = 7CAAE548166EB8EF0070636C /* UIImage+Resize.m */; };
		7CAAE554166EB8EF0070636C /* UIImage+RoundedCorner.m in Sources */ = {isa = PBXBuildFile; fileRef = 7CAAE54A166EB8EF0070636C /* UIImage+RoundedCorner.m */; };
		7CAAE555166EB8EF0070636C /* UIView+Additions.m in Sources */ = {isa = PBXBuildFile; fileRef = 7CAAE54C166EB8EF0070636C /* UIView+Additions.m */; };
		7CAAE556166EB8EF0070636C /* UIView+FrameAdjustments.m in Sources */ = {isa = PBXBuildFile; fileRef = 7CAAE54E166EB8EF0070636C /* UIView+FrameAdjustments.m */; };
		7CABC8D917D6AEB0004C338D /* NSError+NFAllocInit.m in Sources */ = {isa = PBXBuildFile; fileRef = 7CABC8D817D6AEB0004C338D /* NSError+NFAllocInit.m */; };
		7CABC8DC17D6B35E004C338D /* NFDelegateSet.m in Sources */ = {isa = PBXBuildFile; fileRef = 7CABC8DB17D6B35D004C338D /* NFDelegateSet.m */; };
		7CEFCDC2166DCB7500B0FB6A /* Foundation.framework in Frameworks */ = {isa = PBXBuildFile; fileRef = 7CEFCDC1166DCB7500B0FB6A /* Foundation.framework */; };
		7CEFCE37166DCDA400B0FB6A /* NFResourceUtils.m in Sources */ = {isa = PBXBuildFile; fileRef = 7CEFCE34166DCDA400B0FB6A /* NFResourceUtils.m */; };
		7CEFCE38166DCDA400B0FB6A /* NFViewUtils.m in Sources */ = {isa = PBXBuildFile; fileRef = 7CEFCE36166DCDA400B0FB6A /* NFViewUtils.m */; };
		B510A1FD17A213D2006E46E7 /* UIImage+NFAllocInit.m in Sources */ = {isa = PBXBuildFile; fileRef = B510A1FC17A213D2006E46E7 /* UIImage+NFAllocInit.m */; };
		B539BA3717B0AC16005E3B2E /* UIColor+NFAllocInit.m in Sources */ = {isa = PBXBuildFile; fileRef = B539BA3617B0AC16005E3B2E /* UIColor+NFAllocInit.m */; };
		B5839369178B99EB002B7075 /* UIDevice+NFAllocInit.m in Sources */ = {isa = PBXBuildFile; fileRef = B5839368178B99EB002B7075 /* UIDevice+NFAllocInit.m */; };
		B5B1E811189F4D3C00E1F341 /* NFTimerTarget.m in Sources */ = {isa = PBXBuildFile; fileRef = B5B1E810189F4D3C00E1F341 /* NFTimerTarget.m */; };
		B5F72B8E17D863F50015D59C /* UIImage+NFAllocInit_Paths.m in Sources */ = {isa = PBXBuildFile; fileRef = B5F72B8C17D863F50015D59C /* UIImage+NFAllocInit_Paths.m */; };
/* End PBXBuildFile section */

/* Begin PBXCopyFilesBuildPhase section */
		7CEFCDBC166DCB7500B0FB6A /* CopyFiles */ = {
			isa = PBXCopyFilesBuildPhase;
			buildActionMask = 2147483647;
			dstPath = "include/${PRODUCT_NAME}";
			dstSubfolderSpec = 16;
			files = (
			);
			runOnlyForDeploymentPostprocessing = 0;
		};
/* End PBXCopyFilesBuildPhase section */

/* Begin PBXFileReference section */
		7C08B026166DCDE100012AA1 /* NFDebugging.h */ = {isa = PBXFileReference; fileEncoding = 4; lastKnownFileType = sourcecode.c.h; path = NFDebugging.h; sourceTree = "<group>"; };
		7C08B027166DD01000012AA1 /* QuartzCore.framework */ = {isa = PBXFileReference; lastKnownFileType = wrapper.framework; name = QuartzCore.framework; path = System/Library/Frameworks/QuartzCore.framework; sourceTree = SDKROOT; };
		7C08B029166DD01F00012AA1 /* CoreData.framework */ = {isa = PBXFileReference; lastKnownFileType = wrapper.framework; name = CoreData.framework; path = System/Library/Frameworks/CoreData.framework; sourceTree = SDKROOT; };
		7C08B02B166DD02800012AA1 /* CoreImage.framework */ = {isa = PBXFileReference; lastKnownFileType = wrapper.framework; name = CoreImage.framework; path = System/Library/Frameworks/CoreImage.framework; sourceTree = SDKROOT; };
		7C08B02D166DD03100012AA1 /* CoreGraphics.framework */ = {isa = PBXFileReference; lastKnownFileType = wrapper.framework; name = CoreGraphics.framework; path = System/Library/Frameworks/CoreGraphics.framework; sourceTree = SDKROOT; };
		7C1FE6AF171FC4320069499C /* NFDeviceUtils.h */ = {isa = PBXFileReference; fileEncoding = 4; lastKnownFileType = sourcecode.c.h; path = NFDeviceUtils.h; sourceTree = "<group>"; };
		7C1FE6B0171FC4320069499C /* NFDeviceUtils.m */ = {isa = PBXFileReference; fileEncoding = 4; lastKnownFileType = sourcecode.c.objc; path = NFDeviceUtils.m; sourceTree = "<group>"; };
		7C9F4214170A51FD00495EDA /* NFAudioPlayer.h */ = {isa = PBXFileReference; fileEncoding = 4; lastKnownFileType = sourcecode.c.h; path = NFAudioPlayer.h; sourceTree = "<group>"; };
		7C9F4215170A51FD00495EDA /* NFAudioPlayer.m */ = {isa = PBXFileReference; fileEncoding = 4; lastKnownFileType = sourcecode.c.objc; path = NFAudioPlayer.m; sourceTree = "<group>"; };
		7C9F4217170A539000495EDA /* AVFoundation.framework */ = {isa = PBXFileReference; lastKnownFileType = wrapper.framework; name = AVFoundation.framework; path = System/Library/Frameworks/AVFoundation.framework; sourceTree = SDKROOT; };
		7C9F4219170A53FB00495EDA /* AudioToolbox.framework */ = {isa = PBXFileReference; lastKnownFileType = wrapper.framework; name = AudioToolbox.framework; path = System/Library/Frameworks/AudioToolbox.framework; sourceTree = SDKROOT; };
		7CA179D716F981D100841703 /* NFDateUtils.h */ = {isa = PBXFileReference; fileEncoding = 4; lastKnownFileType = sourcecode.c.h; path = NFDateUtils.h; sourceTree = "<group>"; };
		7CA179D816F981D100841703 /* NFDateUtils.m */ = {isa = PBXFileReference; fileEncoding = 4; lastKnownFileType = sourcecode.c.objc; path = NFDateUtils.m; sourceTree = "<group>"; };
		7CAAE519166EAF280070636C /* NFAllocInit.h */ = {isa = PBXFileReference; fileEncoding = 4; lastKnownFileType = sourcecode.c.h; path = NFAllocInit.h; sourceTree = "<group>"; };
		7CAAE53F166EB8EF0070636C /* NSArray+NFAllocInit.h */ = {isa = PBXFileReference; fileEncoding = 4; lastKnownFileType = sourcecode.c.h; path = "NSArray+NFAllocInit.h"; sourceTree = "<group>"; };
		7CAAE540166EB8EF0070636C /* NSArray+NFAllocInit.m */ = {isa = PBXFileReference; fileEncoding = 4; lastKnownFileType = sourcecode.c.objc; path = "NSArray+NFAllocInit.m"; sourceTree = "<group>"; };
		7CAAE541166EB8EF0070636C /* NSData+NFAllocInit.h */ = {isa = PBXFileReference; fileEncoding = 4; lastKnownFileType = sourcecode.c.h; path = "NSData+NFAllocInit.h"; sourceTree = "<group>"; };
		7CAAE542166EB8EF0070636C /* NSData+NFAllocInit.m */ = {isa = PBXFileReference; fileEncoding = 4; lastKnownFileType = sourcecode.c.objc; path = "NSData+NFAllocInit.m"; sourceTree = "<group>"; };
		7CAAE543166EB8EF0070636C /* NSString+NFAllocInit.h */ = {isa = PBXFileReference; fileEncoding = 4; lastKnownFileType = sourcecode.c.h; path = "NSString+NFAllocInit.h"; sourceTree = "<group>"; };
		7CAAE544166EB8EF0070636C /* NSString+NFAllocInit.m */ = {isa = PBXFileReference; fileEncoding = 4; lastKnownFileType = sourcecode.c.objc; path = "NSString+NFAllocInit.m"; sourceTree = "<group>"; };
		7CAAE545166EB8EF0070636C /* UIImage+Alpha.h */ = {isa = PBXFileReference; fileEncoding = 4; lastKnownFileType = sourcecode.c.h; path = "UIImage+Alpha.h"; sourceTree = "<group>"; };
		7CAAE546166EB8EF0070636C /* UIImage+Alpha.m */ = {isa = PBXFileReference; fileEncoding = 4; lastKnownFileType = sourcecode.c.objc; path = "UIImage+Alpha.m"; sourceTree = "<group>"; };
		7CAAE547166EB8EF0070636C /* UIImage+Resize.h */ = {isa = PBXFileReference; fileEncoding = 4; lastKnownFileType = sourcecode.c.h; path = "UIImage+Resize.h"; sourceTree = "<group>"; };
		7CAAE548166EB8EF0070636C /* UIImage+Resize.m */ = {isa = PBXFileReference; fileEncoding = 4; lastKnownFileType = sourcecode.c.objc; path = "UIImage+Resize.m"; sourceTree = "<group>"; };
		7CAAE549166EB8EF0070636C /* UIImage+RoundedCorner.h */ = {isa = PBXFileReference; fileEncoding = 4; lastKnownFileType = sourcecode.c.h; path = "UIImage+RoundedCorner.h"; sourceTree = "<group>"; };
		7CAAE54A166EB8EF0070636C /* UIImage+RoundedCorner.m */ = {isa = PBXFileReference; fileEncoding = 4; lastKnownFileType = sourcecode.c.objc; path = "UIImage+RoundedCorner.m"; sourceTree = "<group>"; };
		7CAAE54B166EB8EF0070636C /* UIView+Additions.h */ = {isa = PBXFileReference; fileEncoding = 4; lastKnownFileType = sourcecode.c.h; path = "UIView+Additions.h"; sourceTree = "<group>"; };
		7CAAE54C166EB8EF0070636C /* UIView+Additions.m */ = {isa = PBXFileReference; fileEncoding = 4; lastKnownFileType = sourcecode.c.objc; path = "UIView+Additions.m"; sourceTree = "<group>"; };
		7CAAE54D166EB8EF0070636C /* UIView+FrameAdjustments.h */ = {isa = PBXFileReference; fileEncoding = 4; lastKnownFileType = sourcecode.c.h; path = "UIView+FrameAdjustments.h"; sourceTree = "<group>"; };
		7CAAE54E166EB8EF0070636C /* UIView+FrameAdjustments.m */ = {isa = PBXFileReference; fileEncoding = 4; lastKnownFileType = sourcecode.c.objc; path = "UIView+FrameAdjustments.m"; sourceTree = "<group>"; };
		7CAAE68F166F0E400070636C /* README.md */ = {isa = PBXFileReference; lastKnownFileType = text; path = README.md; sourceTree = "<group>"; };
		7CABC8D717D6AEB0004C338D /* NSError+NFAllocInit.h */ = {isa = PBXFileReference; fileEncoding = 4; lastKnownFileType = sourcecode.c.h; path = "NSError+NFAllocInit.h"; sourceTree = "<group>"; };
		7CABC8D817D6AEB0004C338D /* NSError+NFAllocInit.m */ = {isa = PBXFileReference; fileEncoding = 4; lastKnownFileType = sourcecode.c.objc; path = "NSError+NFAllocInit.m"; sourceTree = "<group>"; };
		7CABC8DA17D6B35D004C338D /* NFDelegateSet.h */ = {isa = PBXFileReference; fileEncoding = 4; lastKnownFileType = sourcecode.c.h; path = NFDelegateSet.h; sourceTree = "<group>"; };
		7CABC8DB17D6B35D004C338D /* NFDelegateSet.m */ = {isa = PBXFileReference; fileEncoding = 4; lastKnownFileType = sourcecode.c.objc; path = NFDelegateSet.m; sourceTree = "<group>"; };
		7CEFCDBE166DCB7500B0FB6A /* libNFAllocInit.a */ = {isa = PBXFileReference; explicitFileType = archive.ar; includeInIndex = 0; path = libNFAllocInit.a; sourceTree = BUILT_PRODUCTS_DIR; };
		7CEFCDC1166DCB7500B0FB6A /* Foundation.framework */ = {isa = PBXFileReference; lastKnownFileType = wrapper.framework; name = Foundation.framework; path = System/Library/Frameworks/Foundation.framework; sourceTree = SDKROOT; };
		7CEFCDC5166DCB7500B0FB6A /* NFAllocInit-Prefix.pch */ = {isa = PBXFileReference; lastKnownFileType = sourcecode.c.h; path = "NFAllocInit-Prefix.pch"; sourceTree = "<group>"; };
		7CEFCE33166DCDA400B0FB6A /* NFResourceUtils.h */ = {isa = PBXFileReference; fileEncoding = 4; lastKnownFileType = sourcecode.c.h; path = NFResourceUtils.h; sourceTree = "<group>"; };
		7CEFCE34166DCDA400B0FB6A /* NFResourceUtils.m */ = {isa = PBXFileReference; fileEncoding = 4; lastKnownFileType = sourcecode.c.objc; path = NFResourceUtils.m; sourceTree = "<group>"; };
		7CEFCE35166DCDA400B0FB6A /* NFViewUtils.h */ = {isa = PBXFileReference; fileEncoding = 4; lastKnownFileType = sourcecode.c.h; path = NFViewUtils.h; sourceTree = "<group>"; };
		7CEFCE36166DCDA400B0FB6A /* NFViewUtils.m */ = {isa = PBXFileReference; fileEncoding = 4; lastKnownFileType = sourcecode.c.objc; path = NFViewUtils.m; sourceTree = "<group>"; };
		B510A1FB17A213D2006E46E7 /* UIImage+NFAllocInit.h */ = {isa = PBXFileReference; fileEncoding = 4; lastKnownFileType = sourcecode.c.h; path = "UIImage+NFAllocInit.h"; sourceTree = "<group>"; };
		B510A1FC17A213D2006E46E7 /* UIImage+NFAllocInit.m */ = {isa = PBXFileReference; fileEncoding = 4; lastKnownFileType = sourcecode.c.objc; path = "UIImage+NFAllocInit.m"; sourceTree = "<group>"; };
		B539BA3517B0AC16005E3B2E /* UIColor+NFAllocInit.h */ = {isa = PBXFileReference; fileEncoding = 4; lastKnownFileType = sourcecode.c.h; path = "UIColor+NFAllocInit.h"; sourceTree = "<group>"; };
		B539BA3617B0AC16005E3B2E /* UIColor+NFAllocInit.m */ = {isa = PBXFileReference; fileEncoding = 4; lastKnownFileType = sourcecode.c.objc; path = "UIColor+NFAllocInit.m"; sourceTree = "<group>"; };
		B5839367178B99EB002B7075 /* UIDevice+NFAllocInit.h */ = {isa = PBXFileReference; fileEncoding = 4; lastKnownFileType = sourcecode.c.h; path = "UIDevice+NFAllocInit.h"; sourceTree = "<group>"; };
		B5839368178B99EB002B7075 /* UIDevice+NFAllocInit.m */ = {isa = PBXFileReference; fileEncoding = 4; lastKnownFileType = sourcecode.c.objc; path = "UIDevice+NFAllocInit.m"; sourceTree = "<group>"; };
		B5B1E80F189F4D3C00E1F341 /* NFTimerTarget.h */ = {isa = PBXFileReference; fileEncoding = 4; lastKnownFileType = sourcecode.c.h; path = NFTimerTarget.h; sourceTree = "<group>"; };
		B5B1E810189F4D3C00E1F341 /* NFTimerTarget.m */ = {isa = PBXFileReference; fileEncoding = 4; lastKnownFileType = sourcecode.c.objc; path = NFTimerTarget.m; sourceTree = "<group>"; };
		B5F72B8C17D863F50015D59C /* UIImage+NFAllocInit_Paths.m */ = {isa = PBXFileReference; fileEncoding = 4; lastKnownFileType = sourcecode.c.objc; path = "UIImage+NFAllocInit_Paths.m"; sourceTree = "<group>"; };
		B5F72B9017D864370015D59C /* UIImage+NFAllocInit_Paths.h */ = {isa = PBXFileReference; fileEncoding = 4; lastKnownFileType = sourcecode.c.h; path = "UIImage+NFAllocInit_Paths.h"; sourceTree = "<group>"; };
/* End PBXFileReference section */

/* Begin PBXFrameworksBuildPhase section */
		7CEFCDBB166DCB7500B0FB6A /* Frameworks */ = {
			isa = PBXFrameworksBuildPhase;
			buildActionMask = 2147483647;
			files = (
				7C9F421A170A53FB00495EDA /* AudioToolbox.framework in Frameworks */,
				7C9F4218170A539000495EDA /* AVFoundation.framework in Frameworks */,
				7C08B02E166DD03100012AA1 /* CoreGraphics.framework in Frameworks */,
				7C08B02C166DD02800012AA1 /* CoreImage.framework in Frameworks */,
				7C08B02A166DD01F00012AA1 /* CoreData.framework in Frameworks */,
				7C08B028166DD01000012AA1 /* QuartzCore.framework in Frameworks */,
				7CEFCDC2166DCB7500B0FB6A /* Foundation.framework in Frameworks */,
			);
			runOnlyForDeploymentPostprocessing = 0;
		};
/* End PBXFrameworksBuildPhase section */

/* Begin PBXGroup section */
		7CAAE53E166EB8EF0070636C /* Categories */ = {
			isa = PBXGroup;
			children = (
				B5F72B9017D864370015D59C /* UIImage+NFAllocInit_Paths.h */,
				B5F72B8C17D863F50015D59C /* UIImage+NFAllocInit_Paths.m */,
				7CAAE53F166EB8EF0070636C /* NSArray+NFAllocInit.h */,
				7CAAE540166EB8EF0070636C /* NSArray+NFAllocInit.m */,
				7CAAE541166EB8EF0070636C /* NSData+NFAllocInit.h */,
				7CAAE542166EB8EF0070636C /* NSData+NFAllocInit.m */,
				7CABC8D717D6AEB0004C338D /* NSError+NFAllocInit.h */,
				7CABC8D817D6AEB0004C338D /* NSError+NFAllocInit.m */,
				7CAAE543166EB8EF0070636C /* NSString+NFAllocInit.h */,
				7CAAE544166EB8EF0070636C /* NSString+NFAllocInit.m */,
				B510A1FB17A213D2006E46E7 /* UIImage+NFAllocInit.h */,
				B510A1FC17A213D2006E46E7 /* UIImage+NFAllocInit.m */,
				7CAAE545166EB8EF0070636C /* UIImage+Alpha.h */,
				7CAAE546166EB8EF0070636C /* UIImage+Alpha.m */,
				7CAAE547166EB8EF0070636C /* UIImage+Resize.h */,
				7CAAE548166EB8EF0070636C /* UIImage+Resize.m */,
				7CAAE549166EB8EF0070636C /* UIImage+RoundedCorner.h */,
				7CAAE54A166EB8EF0070636C /* UIImage+RoundedCorner.m */,
				7CAAE54B166EB8EF0070636C /* UIView+Additions.h */,
				7CAAE54C166EB8EF0070636C /* UIView+Additions.m */,
				7CAAE54D166EB8EF0070636C /* UIView+FrameAdjustments.h */,
				7CAAE54E166EB8EF0070636C /* UIView+FrameAdjustments.m */,
				B5839367178B99EB002B7075 /* UIDevice+NFAllocInit.h */,
				B5839368178B99EB002B7075 /* UIDevice+NFAllocInit.m */,
				B539BA3517B0AC16005E3B2E /* UIColor+NFAllocInit.h */,
				B539BA3617B0AC16005E3B2E /* UIColor+NFAllocInit.m */,
			);
			path = Categories;
			sourceTree = "<group>";
		};
		7CEFCDB3166DCB7500B0FB6A = {
			isa = PBXGroup;
			children = (
				7CAAE68F166F0E400070636C /* README.md */,
				7CEFCDC3166DCB7500B0FB6A /* NFAllocInit */,
				7CEFCDC0166DCB7500B0FB6A /* Frameworks */,
				7CEFCDBF166DCB7500B0FB6A /* Products */,
			);
			sourceTree = "<group>";
		};
		7CEFCDBF166DCB7500B0FB6A /* Products */ = {
			isa = PBXGroup;
			children = (
				7CEFCDBE166DCB7500B0FB6A /* libNFAllocInit.a */,
			);
			name = Products;
			sourceTree = "<group>";
		};
		7CEFCDC0166DCB7500B0FB6A /* Frameworks */ = {
			isa = PBXGroup;
			children = (
				7C9F4219170A53FB00495EDA /* AudioToolbox.framework */,
				7C9F4217170A539000495EDA /* AVFoundation.framework */,
				7C08B029166DD01F00012AA1 /* CoreData.framework */,
				7C08B02D166DD03100012AA1 /* CoreGraphics.framework */,
				7C08B02B166DD02800012AA1 /* CoreImage.framework */,
				7CEFCDC1166DCB7500B0FB6A /* Foundation.framework */,
				7C08B027166DD01000012AA1 /* QuartzCore.framework */,
			);
			name = Frameworks;
			sourceTree = "<group>";
		};
		7CEFCDC3166DCB7500B0FB6A /* NFAllocInit */ = {
			isa = PBXGroup;
			children = (
				7CAAE519166EAF280070636C /* NFAllocInit.h */,
				7C08B026166DCDE100012AA1 /* NFDebugging.h */,
				7C9F4214170A51FD00495EDA /* NFAudioPlayer.h */,
				7C9F4215170A51FD00495EDA /* NFAudioPlayer.m */,
				7CEFCE33166DCDA400B0FB6A /* NFResourceUtils.h */,
				7CEFCE34166DCDA400B0FB6A /* NFResourceUtils.m */,
				7CEFCE35166DCDA400B0FB6A /* NFViewUtils.h */,
				7CEFCE36166DCDA400B0FB6A /* NFViewUtils.m */,
				7CA179D716F981D100841703 /* NFDateUtils.h */,
				7CA179D816F981D100841703 /* NFDateUtils.m */,
				7CABC8DA17D6B35D004C338D /* NFDelegateSet.h */,
				7CABC8DB17D6B35D004C338D /* NFDelegateSet.m */,
				7C1FE6AF171FC4320069499C /* NFDeviceUtils.h */,
				7C1FE6B0171FC4320069499C /* NFDeviceUtils.m */,
				B5B1E80F189F4D3C00E1F341 /* NFTimerTarget.h */,
				B5B1E810189F4D3C00E1F341 /* NFTimerTarget.m */,
				7CAAE53E166EB8EF0070636C /* Categories */,
				7CEFCDC4166DCB7500B0FB6A /* Supporting Files */,
			);
			path = NFAllocInit;
			sourceTree = "<group>";
		};
		7CEFCDC4166DCB7500B0FB6A /* Supporting Files */ = {
			isa = PBXGroup;
			children = (
				7CEFCDC5166DCB7500B0FB6A /* NFAllocInit-Prefix.pch */,
			);
			name = "Supporting Files";
			sourceTree = "<group>";
		};
/* End PBXGroup section */

/* Begin PBXNativeTarget section */
		7CEFCDBD166DCB7500B0FB6A /* NFAllocInit */ = {
			isa = PBXNativeTarget;
			buildConfigurationList = 7CEFCDCC166DCB7500B0FB6A /* Build configuration list for PBXNativeTarget "NFAllocInit" */;
			buildPhases = (
				7CEFCDBA166DCB7500B0FB6A /* Sources */,
				7CEFCDBB166DCB7500B0FB6A /* Frameworks */,
				7CEFCDBC166DCB7500B0FB6A /* CopyFiles */,
			);
			buildRules = (
			);
			dependencies = (
			);
			name = NFAllocInit;
			productName = NFAllocInit;
			productReference = 7CEFCDBE166DCB7500B0FB6A /* libNFAllocInit.a */;
			productType = "com.apple.product-type.library.static";
		};
/* End PBXNativeTarget section */

/* Begin PBXProject section */
		7CEFCDB5166DCB7500B0FB6A /* Project object */ = {
			isa = PBXProject;
			attributes = {
				LastUpgradeCheck = 0450;
				ORGANIZATIONNAME = "NextFaze SD";
			};
			buildConfigurationList = 7CEFCDB8166DCB7500B0FB6A /* Build configuration list for PBXProject "NFAllocInit" */;
			compatibilityVersion = "Xcode 3.2";
			developmentRegion = English;
			hasScannedForEncodings = 0;
			knownRegions = (
				en,
			);
			mainGroup = 7CEFCDB3166DCB7500B0FB6A;
			productRefGroup = 7CEFCDBF166DCB7500B0FB6A /* Products */;
			projectDirPath = "";
			projectRoot = "";
			targets = (
				7CEFCDBD166DCB7500B0FB6A /* NFAllocInit */,
			);
		};
/* End PBXProject section */

/* Begin PBXSourcesBuildPhase section */
		7CEFCDBA166DCB7500B0FB6A /* Sources */ = {
			isa = PBXSourcesBuildPhase;
			buildActionMask = 2147483647;
			files = (
				7CEFCE37166DCDA400B0FB6A /* NFResourceUtils.m in Sources */,
				7CEFCE38166DCDA400B0FB6A /* NFViewUtils.m in Sources */,
				B5B1E811189F4D3C00E1F341 /* NFTimerTarget.m in Sources */,
				7CAAE54F166EB8EF0070636C /* NSArray+NFAllocInit.m in Sources */,
				7CAAE550166EB8EF0070636C /* NSData+NFAllocInit.m in Sources */,
				7CAAE551166EB8EF0070636C /* NSString+NFAllocInit.m in Sources */,
				7CAAE552166EB8EF0070636C /* UIImage+Alpha.m in Sources */,
				7CAAE553166EB8EF0070636C /* UIImage+Resize.m in Sources */,
				7CAAE554166EB8EF0070636C /* UIImage+RoundedCorner.m in Sources */,
				7CAAE555166EB8EF0070636C /* UIView+Additions.m in Sources */,
				7CAAE556166EB8EF0070636C /* UIView+FrameAdjustments.m in Sources */,
				7CA179D916F981D100841703 /* NFDateUtils.m in Sources */,
				7C9F4216170A51FD00495EDA /* NFAudioPlayer.m in Sources */,
				7C1FE6B1171FC4330069499C /* NFDeviceUtils.m in Sources */,
				B5839369178B99EB002B7075 /* UIDevice+NFAllocInit.m in Sources */,
				B510A1FD17A213D2006E46E7 /* UIImage+NFAllocInit.m in Sources */,
				B539BA3717B0AC16005E3B2E /* UIColor+NFAllocInit.m in Sources */,
				7CABC8D917D6AEB0004C338D /* NSError+NFAllocInit.m in Sources */,
				7CABC8DC17D6B35E004C338D /* NFDelegateSet.m in Sources */,
				B5F72B8E17D863F50015D59C /* UIImage+NFAllocInit_Paths.m in Sources */,
			);
			runOnlyForDeploymentPostprocessing = 0;
		};
/* End PBXSourcesBuildPhase section */

/* Begin XCBuildConfiguration section */
		7CEFCDCA166DCB7500B0FB6A /* Debug */ = {
			isa = XCBuildConfiguration;
			buildSettings = {
				ALWAYS_SEARCH_USER_PATHS = NO;
				ARCHS = "$(ARCHS_STANDARD_INCLUDING_64_BIT)";
				CLANG_CXX_LANGUAGE_STANDARD = "gnu++0x";
				CLANG_CXX_LIBRARY = "libc++";
				CLANG_ENABLE_OBJC_ARC = YES;
				CLANG_WARN_EMPTY_BODY = YES;
				CLANG_WARN__DUPLICATE_METHOD_MATCH = YES;
				COPY_PHASE_STRIP = NO;
				GCC_C_LANGUAGE_STANDARD = gnu99;
				GCC_DYNAMIC_NO_PIC = NO;
				GCC_OPTIMIZATION_LEVEL = 0;
				GCC_PREPROCESSOR_DEFINITIONS = (
					"DEBUG=1",
					"$(inherited)",
				);
				GCC_SYMBOLS_PRIVATE_EXTERN = NO;
				GCC_WARN_ABOUT_RETURN_TYPE = YES;
				GCC_WARN_UNINITIALIZED_AUTOS = YES;
				GCC_WARN_UNUSED_VARIABLE = YES;
				IPHONEOS_DEPLOYMENT_TARGET = 6.0;
				ONLY_ACTIVE_ARCH = NO;
				SDKROOT = iphoneos;
				SKIP_INSTALL = YES;
			};
			name = Debug;
		};
		7CEFCDCB166DCB7500B0FB6A /* Release */ = {
			isa = XCBuildConfiguration;
			buildSettings = {
				ALWAYS_SEARCH_USER_PATHS = NO;
				ARCHS = "$(ARCHS_STANDARD_INCLUDING_64_BIT)";
				CLANG_CXX_LANGUAGE_STANDARD = "gnu++0x";
				CLANG_CXX_LIBRARY = "libc++";
				CLANG_ENABLE_OBJC_ARC = YES;
				CLANG_WARN_EMPTY_BODY = YES;
				CLANG_WARN__DUPLICATE_METHOD_MATCH = YES;
				COPY_PHASE_STRIP = YES;
				GCC_C_LANGUAGE_STANDARD = gnu99;
				GCC_WARN_ABOUT_RETURN_TYPE = YES;
				GCC_WARN_UNINITIALIZED_AUTOS = YES;
				GCC_WARN_UNUSED_VARIABLE = YES;
				IPHONEOS_DEPLOYMENT_TARGET = 6.0;
				ONLY_ACTIVE_ARCH = NO;
				SDKROOT = iphoneos;
				SKIP_INSTALL = YES;
				VALIDATE_PRODUCT = YES;
			};
			name = Release;
		};
		7CEFCDCD166DCB7500B0FB6A /* Debug */ = {
			isa = XCBuildConfiguration;
			buildSettings = {
				DSTROOT = /tmp/NFAllocInit.dst;
				GCC_PRECOMPILE_PREFIX_HEADER = YES;
				GCC_PREFIX_HEADER = "NFAllocInit/NFAllocInit-Prefix.pch";
				OTHER_LDFLAGS = "-ObjC";
				PRODUCT_NAME = "$(TARGET_NAME)";
				SKIP_INSTALL = YES;
			};
			name = Debug;
		};
		7CEFCDCE166DCB7500B0FB6A /* Release */ = {
			isa = XCBuildConfiguration;
			buildSettings = {
				DSTROOT = /tmp/NFAllocInit.dst;
				GCC_PRECOMPILE_PREFIX_HEADER = YES;
				GCC_PREFIX_HEADER = "NFAllocInit/NFAllocInit-Prefix.pch";
				OTHER_LDFLAGS = "-ObjC";
				PRODUCT_NAME = "$(TARGET_NAME)";
				SKIP_INSTALL = YES;
			};
			name = Release;
		};
/* End XCBuildConfiguration section */

/* Begin XCConfigurationList section */
		7CEFCDB8166DCB7500B0FB6A /* Build configuration list for PBXProject "NFAllocInit" */ = {
			isa = XCConfigurationList;
			buildConfigurations = (
				7CEFCDCA166DCB7500B0FB6A /* Debug */,
				7CEFCDCB166DCB7500B0FB6A /* Release */,
			);
			defaultConfigurationIsVisible = 0;
			defaultConfigurationName = Release;
		};
		7CEFCDCC166DCB7500B0FB6A /* Build configuration list for PBXNativeTarget "NFAllocInit" */ = {
			isa = XCConfigurationList;
			buildConfigurations = (
				7CEFCDCD166DCB7500B0FB6A /* Debug */,
				7CEFCDCE166DCB7500B0FB6A /* Release */,
			);
			defaultConfigurationIsVisible = 0;
			defaultConfigurationName = Release;
		};
/* End XCConfigurationList section */
	};
	rootObject = 7CEFCDB5166DCB7500B0FB6A /* Project object */;
}
